
Microsoft Visual Studio Solution File, Format Version 10.00
# Visual Studio 2008
Project("{FAE04EC0-301F-11D3-BF4B-00C04F79EFBC}") = "AEditor", "AEditor\AEditor.csproj", "{E5D7DEBA-6886-4EA2-BFFC-4D080D13A5FC}"
EndProject
Global
	GlobalSection(SolutionConfigurationPlatforms) = preSolution
		Debug|Any CPU = Debug|Any CPU
		Release|Any CPU = Release|Any CPU
	EndGlobalSection
	GlobalSection(ProjectConfigurationPlatforms) = postSolution
		{E5D7DEBA-6886-4EA2-BFFC-4D080D13A5FC}.Debug|Any CPU.ActiveCfg = Debug|Any CPU
		{E5D7DEBA-6886-4EA2-BFFC-4D080D13A5FC}.Debug|Any CPU.Build.0 = Debug|Any CPU
		{E5D7DEBA-6886-4EA2-BFFC-4D080D13A5FC}.Release|Any CPU.ActiveCfg = Release|Any CPU
		{E5D7DEBA-6886-4EA2-BFFC-4D080D13A5FC}.Release|Any CPU.Build.0 = Release|Any CPU
	EndGlobalSection
	GlobalSection(SolutionProperties) = preSolution
		HideSolutionNode = FALSE
	EndGlobalSection
	GlobalSection(ExtensibilityGlobals) = postSolution
		VisualSVNWorkingCopyRoot = .
	EndGlobalSection
EndGlobal
